// !$*UTF8*$!
{
	archiveVersion = 1;
	classes = {
	};
	objectVersion = 50;
	objects = {

/* Begin PBXBuildFile section */
		753310F923E1B79500DFF7F2 /* AppDelegate.swift in Sources */ = {isa = PBXBuildFile; fileRef = 753310F823E1B79500DFF7F2 /* AppDelegate.swift */; };
		753310FB23E1B79500DFF7F2 /* SceneDelegate.swift in Sources */ = {isa = PBXBuildFile; fileRef = 753310FA23E1B79500DFF7F2 /* SceneDelegate.swift */; };
		753310FD23E1B79500DFF7F2 /* ViewController.swift in Sources */ = {isa = PBXBuildFile; fileRef = 753310FC23E1B79500DFF7F2 /* ViewController.swift */; };
		7533110023E1B79500DFF7F2 /* Main.storyboard in Resources */ = {isa = PBXBuildFile; fileRef = 753310FE23E1B79500DFF7F2 /* Main.storyboard */; };
		7533110223E1B79700DFF7F2 /* Assets.xcassets in Resources */ = {isa = PBXBuildFile; fileRef = 7533110123E1B79700DFF7F2 /* Assets.xcassets */; };
		7533110523E1B79700DFF7F2 /* LaunchScreen.storyboard in Resources */ = {isa = PBXBuildFile; fileRef = 7533110323E1B79700DFF7F2 /* LaunchScreen.storyboard */; };
		F6E25D5AF5A1C69DCB7EE3F2 /* Pods_TestStepSliderSimpleVC.framework in Frameworks */ = {isa = PBXBuildFile; fileRef = 8C8C40F2813A6DBE3E748B31 /* Pods_TestStepSliderSimpleVC.framework */; };
/* End PBXBuildFile section */

/* Begin PBXFileReference section */
		65F8B836710BD60FB64252BE /* Pods-TestStepSliderSimpleVC.release.xcconfig */ = {isa = PBXFileReference; includeInIndex = 1; lastKnownFileType = text.xcconfig; name = "Pods-TestStepSliderSimpleVC.release.xcconfig"; path = "Target Support Files/Pods-TestStepSliderSimpleVC/Pods-TestStepSliderSimpleVC.release.xcconfig"; sourceTree = "<group>"; };
		753310F523E1B79500DFF7F2 /* TestStepSliderSimpleVC.app */ = {isa = PBXFileReference; explicitFileType = wrapper.application; includeInIndex = 0; path = TestStepSliderSimpleVC.app; sourceTree = BUILT_PRODUCTS_DIR; };
		753310F823E1B79500DFF7F2 /* AppDelegate.swift */ = {isa = PBXFileReference; lastKnownFileType = sourcecode.swift; path = AppDelegate.swift; sourceTree = "<group>"; };
		753310FA23E1B79500DFF7F2 /* SceneDelegate.swift */ = {isa = PBXFileReference; lastKnownFileType = sourcecode.swift; path = SceneDelegate.swift; sourceTree = "<group>"; };
		753310FC23E1B79500DFF7F2 /* ViewController.swift */ = {isa = PBXFileReference; lastKnownFileType = sourcecode.swift; path = ViewController.swift; sourceTree = "<group>"; };
		753310FF23E1B79500DFF7F2 /* Base */ = {isa = PBXFileReference; lastKnownFileType = file.storyboard; name = Base; path = Base.lproj/Main.storyboard; sourceTree = "<group>"; };
		7533110123E1B79700DFF7F2 /* Assets.xcassets */ = {isa = PBXFileReference; lastKnownFileType = folder.assetcatalog; path = Assets.xcassets; sourceTree = "<group>"; };
		7533110423E1B79700DFF7F2 /* Base */ = {isa = PBXFileReference; lastKnownFileType = file.storyboard; name = Base; path = Base.lproj/LaunchScreen.storyboard; sourceTree = "<group>"; };
		7533110623E1B79700DFF7F2 /* Info.plist */ = {isa = PBXFileReference; lastKnownFileType = text.plist.xml; path = Info.plist; sourceTree = "<group>"; };
		8C8C40F2813A6DBE3E748B31 /* Pods_TestStepSliderSimpleVC.framework */ = {isa = PBXFileReference; explicitFileType = wrapper.framework; includeInIndex = 0; path = Pods_TestStepSliderSimpleVC.framework; sourceTree = BUILT_PRODUCTS_DIR; };
		998376E88B25CB1EAF4A91E8 /* Pods-TestStepSliderSimpleVC.debug.xcconfig */ = {isa = PBXFileReference; includeInIndex = 1; lastKnownFileType = text.xcconfig; name = "Pods-TestStepSliderSimpleVC.debug.xcconfig"; path = "Target Support Files/Pods-TestStepSliderSimpleVC/Pods-TestStepSliderSimpleVC.debug.xcconfig"; sourceTree = "<group>"; };
/* End PBXFileReference section */

/* Begin PBXFrameworksBuildPhase section */
		753310F223E1B79500DFF7F2 /* Frameworks */ = {
			isa = PBXFrameworksBuildPhase;
			buildActionMask = 2147483647;
			files = (
				F6E25D5AF5A1C69DCB7EE3F2 /* Pods_TestStepSliderSimpleVC.framework in Frameworks */,
			);
			runOnlyForDeploymentPostprocessing = 0;
		};
/* End PBXFrameworksBuildPhase section */

/* Begin PBXGroup section */
		4D8C1924F8A6E7313BD9F64E /* Pods */ = {
			isa = PBXGroup;
			children = (
				998376E88B25CB1EAF4A91E8 /* Pods-TestStepSliderSimpleVC.debug.xcconfig */,
				65F8B836710BD60FB64252BE /* Pods-TestStepSliderSimpleVC.release.xcconfig */,
			);
			name = Pods;
			path = Pods;
			sourceTree = "<group>";
		};
		753310EC23E1B79500DFF7F2 = {
			isa = PBXGroup;
			children = (
				753310F723E1B79500DFF7F2 /* TestStepSliderSimpleVC */,
				753310F623E1B79500DFF7F2 /* Products */,
				4D8C1924F8A6E7313BD9F64E /* Pods */,
				DD046C86B78DABA81743D05C /* Frameworks */,
			);
			sourceTree = "<group>";
		};
		753310F623E1B79500DFF7F2 /* Products */ = {
			isa = PBXGroup;
			children = (
				753310F523E1B79500DFF7F2 /* TestStepSliderSimpleVC.app */,
			);
			name = Products;
			sourceTree = "<group>";
		};
		753310F723E1B79500DFF7F2 /* TestStepSliderSimpleVC */ = {
			isa = PBXGroup;
			children = (
				753310F823E1B79500DFF7F2 /* AppDelegate.swift */,
				753310FA23E1B79500DFF7F2 /* SceneDelegate.swift */,
				753310FC23E1B79500DFF7F2 /* ViewController.swift */,
				753310FE23E1B79500DFF7F2 /* Main.storyboard */,
				7533110123E1B79700DFF7F2 /* Assets.xcassets */,
				7533110323E1B79700DFF7F2 /* LaunchScreen.storyboard */,
				7533110623E1B79700DFF7F2 /* Info.plist */,
			);
			path = TestStepSliderSimpleVC;
			sourceTree = "<group>";
		};
		DD046C86B78DABA81743D05C /* Frameworks */ = {
			isa = PBXGroup;
			children = (
				8C8C40F2813A6DBE3E748B31 /* Pods_TestStepSliderSimpleVC.framework */,
			);
			name = Frameworks;
			sourceTree = "<group>";
		};
/* End PBXGroup section */

/* Begin PBXNativeTarget section */
		753310F423E1B79500DFF7F2 /* TestStepSliderSimpleVC */ = {
			isa = PBXNativeTarget;
			buildConfigurationList = 7533110923E1B79700DFF7F2 /* Build configuration list for PBXNativeTarget "TestStepSliderSimpleVC" */;
			buildPhases = (
				34DD1C6EF280639542CC4F04 /* [CP] Check Pods Manifest.lock */,
				753310F123E1B79500DFF7F2 /* Sources */,
				753310F223E1B79500DFF7F2 /* Frameworks */,
				753310F323E1B79500DFF7F2 /* Resources */,
				8E68D29E6E1CFFD817042749 /* [CP] Embed Pods Frameworks */,
			);
			buildRules = (
			);
			dependencies = (
			);
			name = TestStepSliderSimpleVC;
			productName = TestStepSliderSimpleVC;
			productReference = 753310F523E1B79500DFF7F2 /* TestStepSliderSimpleVC.app */;
			productType = "com.apple.product-type.application";
		};
/* End PBXNativeTarget section */

/* Begin PBXProject section */
		753310ED23E1B79500DFF7F2 /* Project object */ = {
			isa = PBXProject;
			attributes = {
				LastSwiftUpdateCheck = 1130;
				LastUpgradeCheck = 1130;
				ORGANIZATIONNAME = SoKa;
				TargetAttributes = {
					753310F423E1B79500DFF7F2 = {
						CreatedOnToolsVersion = 11.3;
					};
				};
			};
			buildConfigurationList = 753310F023E1B79500DFF7F2 /* Build configuration list for PBXProject "TestStepSliderSimpleVC" */;
			compatibilityVersion = "Xcode 9.3";
			developmentRegion = en;
			hasScannedForEncodings = 0;
			knownRegions = (
				en,
				Base,
			);
			mainGroup = 753310EC23E1B79500DFF7F2;
			productRefGroup = 753310F623E1B79500DFF7F2 /* Products */;
			projectDirPath = "";
			projectRoot = "";
			targets = (
				753310F423E1B79500DFF7F2 /* TestStepSliderSimpleVC */,
			);
		};
/* End PBXProject section */

/* Begin PBXResourcesBuildPhase section */
		753310F323E1B79500DFF7F2 /* Resources */ = {
			isa = PBXResourcesBuildPhase;
			buildActionMask = 2147483647;
			files = (
				7533110523E1B79700DFF7F2 /* LaunchScreen.storyboard in Resources */,
				7533110223E1B79700DFF7F2 /* Assets.xcassets in Resources */,
				7533110023E1B79500DFF7F2 /* Main.storyboard in Resources */,
			);
			runOnlyForDeploymentPostprocessing = 0;
		};
/* End PBXResourcesBuildPhase section */

/* Begin PBXShellScriptBuildPhase section */
		34DD1C6EF280639542CC4F04 /* [CP] Check Pods Manifest.lock */ = {
			isa = PBXShellScriptBuildPhase;
			buildActionMask = 2147483647;
			files = (
			);
			inputFileListPaths = (
			);
			inputPaths = (
				"${PODS_PODFILE_DIR_PATH}/Podfile.lock",
				"${PODS_ROOT}/Manifest.lock",
			);
			name = "[CP] Check Pods Manifest.lock";
			outputFileListPaths = (
			);
			outputPaths = (
				"$(DERIVED_FILE_DIR)/Pods-TestStepSliderSimpleVC-checkManifestLockResult.txt",
			);
			runOnlyForDeploymentPostprocessing = 0;
			shellPath = /bin/sh;
			shellScript = "diff \"${PODS_PODFILE_DIR_PATH}/Podfile.lock\" \"${PODS_ROOT}/Manifest.lock\" > /dev/null\nif [ $? != 0 ] ; then\n    # print error to STDERR\n    echo \"error: The sandbox is not in sync with the Podfile.lock. Run 'pod install' or update your CocoaPods installation.\" >&2\n    exit 1\nfi\n# This output is used by Xcode 'outputs' to avoid re-running this script phase.\necho \"SUCCESS\" > \"${SCRIPT_OUTPUT_FILE_0}\"\n";
			showEnvVarsInLog = 0;
		};
		8E68D29E6E1CFFD817042749 /* [CP] Embed Pods Frameworks */ = {
			isa = PBXShellScriptBuildPhase;
			buildActionMask = 2147483647;
			files = (
			);
			inputFileListPaths = (
				"${PODS_ROOT}/Target Support Files/Pods-TestStepSliderSimpleVC/Pods-TestStepSliderSimpleVC-frameworks-${CONFIGURATION}-input-files.xcfilelist",
			);
			name = "[CP] Embed Pods Frameworks";
			outputFileListPaths = (
				"${PODS_ROOT}/Target Support Files/Pods-TestStepSliderSimpleVC/Pods-TestStepSliderSimpleVC-frameworks-${CONFIGURATION}-output-files.xcfilelist",
			);
			runOnlyForDeploymentPostprocessing = 0;
			shellPath = /bin/sh;
			shellScript = "\"${PODS_ROOT}/Target Support Files/Pods-TestStepSliderSimpleVC/Pods-TestStepSliderSimpleVC-frameworks.sh\"\n";
			showEnvVarsInLog = 0;
		};
/* End PBXShellScriptBuildPhase section */

/* Begin PBXSourcesBuildPhase section */
		753310F123E1B79500DFF7F2 /* Sources */ = {
			isa = PBXSourcesBuildPhase;
			buildActionMask = 2147483647;
			files = (
				753310FD23E1B79500DFF7F2 /* ViewController.swift in Sources */,
				753310F923E1B79500DFF7F2 /* AppDelegate.swift in Sources */,
				753310FB23E1B79500DFF7F2 /* SceneDelegate.swift in Sources */,
			);
			runOnlyForDeploymentPostprocessing = 0;
		};
/* End PBXSourcesBuildPhase section */

/* Begin PBXVariantGroup section */
		753310FE23E1B79500DFF7F2 /* Main.storyboard */ = {
			isa = PBXVariantGroup;
			children = (
				753310FF23E1B79500DFF7F2 /* Base */,
			);
			name = Main.storyboard;
			sourceTree = "<group>";
		};
		7533110323E1B79700DFF7F2 /* LaunchScreen.storyboard */ = {
			isa = PBXVariantGroup;
			children = (
				7533110423E1B79700DFF7F2 /* Base */,
			);
			name = LaunchScreen.storyboard;
			sourceTree = "<group>";
		};
/* End PBXVariantGroup section */

/* Begin XCBuildConfiguration section */
		7533110723E1B79700DFF7F2 /* Debug */ = {
			isa = XCBuildConfiguration;
			buildSettings = {
				ALWAYS_SEARCH_USER_PATHS = NO;
				CLANG_ANALYZER_NONNULL = YES;
				CLANG_ANALYZER_NUMBER_OBJECT_CONVERSION = YES_AGGRESSIVE;
				CLANG_CXX_LANGUAGE_STANDARD = "gnu++14";
				CLANG_CXX_LIBRARY = "libc++";
				CLANG_ENABLE_MODULES = YES;
				CLANG_ENABLE_OBJC_ARC = YES;
				CLANG_ENABLE_OBJC_WEAK = YES;
				CLANG_WARN_BLOCK_CAPTURE_AUTORELEASING = YES;
				CLANG_WARN_BOOL_CONVERSION = YES;
				CLANG_WARN_COMMA = YES;
				CLANG_WARN_CONSTANT_CONVERSION = YES;
				CLANG_WARN_DEPRECATED_OBJC_IMPLEMENTATIONS = YES;
				CLANG_WARN_DIRECT_OBJC_ISA_USAGE = YES_ERROR;
				CLANG_WARN_DOCUMENTATION_COMMENTS = YES;
				CLANG_WARN_EMPTY_BODY = YES;
				CLANG_WARN_ENUM_CONVERSION = YES;
				CLANG_WARN_INFINITE_RECURSION = YES;
				CLANG_WARN_INT_CONVERSION = YES;
				CLANG_WARN_NON_LITERAL_NULL_CONVERSION = YES;
				CLANG_WARN_OBJC_IMPLICIT_RETAIN_SELF = YES;
				CLANG_WARN_OBJC_LITERAL_CONVERSION = YES;
				CLANG_WARN_OBJC_ROOT_CLASS = YES_ERROR;
				CLANG_WARN_RANGE_LOOP_ANALYSIS = YES;
				CLANG_WARN_STRICT_PROTOTYPES = YES;
				CLANG_WARN_SUSPICIOUS_MOVE = YES;
				CLANG_WARN_UNGUARDED_AVAILABILITY = YES_AGGRESSIVE;
				CLANG_WARN_UNREACHABLE_CODE = YES;
				CLANG_WARN__DUPLICATE_METHOD_MATCH = YES;
				COPY_PHASE_STRIP = NO;
				DEBUG_INFORMATION_FORMAT = dwarf;
				ENABLE_STRICT_OBJC_MSGSEND = YES;
				ENABLE_TESTABILITY = YES;
				GCC_C_LANGUAGE_STANDARD = gnu11;
				GCC_DYNAMIC_NO_PIC = NO;
				GCC_NO_COMMON_BLOCKS = YES;
				GCC_OPTIMIZATION_LEVEL = 0;
				GCC_PREPROCESSOR_DEFINITIONS = (
					"DEBUG=1",
					"$(inherited)",
				);
				GCC_WARN_64_TO_32_BIT_CONVERSION = YES;
				GCC_WARN_ABOUT_RETURN_TYPE = YES_ERROR;
				GCC_WARN_UNDECLARED_SELECTOR = YES;
				GCC_WARN_UNINITIALIZED_AUTOS = YES_AGGRESSIVE;
				GCC_WARN_UNUSED_FUNCTION = YES;
				GCC_WARN_UNUSED_VARIABLE = YES;
				IPHONEOS_DEPLOYMENT_TARGET = 13.2;
				MTL_ENABLE_DEBUG_INFO = INCLUDE_SOURCE;
				MTL_FAST_MATH = YES;
				ONLY_ACTIVE_ARCH = YES;
				SDKROOT = iphoneos;
				SWIFT_ACTIVE_COMPILATION_CONDITIONS = DEBUG;
				SWIFT_OPTIMIZATION_LEVEL = "-Onone";
			};
			name = Debug;
		};
		7533110823E1B79700DFF7F2 /* Release */ = {
			isa = XCBuildConfiguration;
			buildSettings = {
				ALWAYS_SEARCH_USER_PATHS = NO;
				CLANG_ANALYZER_NONNULL = YES;
				CLANG_ANALYZER_NUMBER_OBJECT_CONVERSION = YES_AGGRESSIVE;
				CLANG_CXX_LANGUAGE_STANDARD = "gnu++14";
				CLANG_CXX_LIBRARY = "libc++";
				CLANG_ENABLE_MODULES = YES;
				CLANG_ENABLE_OBJC_ARC = YES;
				CLANG_ENABLE_OBJC_WEAK = YES;
				CLANG_WARN_BLOCK_CAPTURE_AUTORELEASING = YES;
				CLANG_WARN_BOOL_CONVERSION = YES;
				CLANG_WARN_COMMA = YES;
				CLANG_WARN_CONSTANT_CONVERSION = YES;
				CLANG_WARN_DEPRECATED_OBJC_IMPLEMENTATIONS = YES;
				CLANG_WARN_DIRECT_OBJC_ISA_USAGE = YES_ERROR;
				CLANG_WARN_DOCUMENTATION_COMMENTS = YES;
				CLANG_WARN_EMPTY_BODY = YES;
				CLANG_WARN_ENUM_CONVERSION = YES;
				CLANG_WARN_INFINITE_RECURSION = YES;
				CLANG_WARN_INT_CONVERSION = YES;
				CLANG_WARN_NON_LITERAL_NULL_CONVERSION = YES;
				CLANG_WARN_OBJC_IMPLICIT_RETAIN_SELF = YES;
				CLANG_WARN_OBJC_LITERAL_CONVERSION = YES;
				CLANG_WARN_OBJC_ROOT_CLASS = YES_ERROR;
				CLANG_WARN_RANGE_LOOP_ANALYSIS = YES;
				CLANG_WARN_STRICT_PROTOTYPES = YES;
				CLANG_WARN_SUSPICIOUS_MOVE = YES;
				CLANG_WARN_UNGUARDED_AVAILABILITY = YES_AGGRESSIVE;
				CLANG_WARN_UNREACHABLE_CODE = YES;
				CLANG_WARN__DUPLICATE_METHOD_MATCH = YES;
				COPY_PHASE_STRIP = NO;
				DEBUG_INFORMATION_FORMAT = "dwarf-with-dsym";
				ENABLE_NS_ASSERTIONS = NO;
				ENABLE_STRICT_OBJC_MSGSEND = YES;
				GCC_C_LANGUAGE_STANDARD = gnu11;
				GCC_NO_COMMON_BLOCKS = YES;
				GCC_WARN_64_TO_32_BIT_CONVERSION = YES;
				GCC_WARN_ABOUT_RETURN_TYPE = YES_ERROR;
				GCC_WARN_UNDECLARED_SELECTOR = YES;
				GCC_WARN_UNINITIALIZED_AUTOS = YES_AGGRESSIVE;
				GCC_WARN_UNUSED_FUNCTION = YES;
				GCC_WARN_UNUSED_VARIABLE = YES;
				IPHONEOS_DEPLOYMENT_TARGET = 13.2;
				MTL_ENABLE_DEBUG_INFO = NO;
				MTL_FAST_MATH = YES;
				SDKROOT = iphoneos;
				SWIFT_COMPILATION_MODE = wholemodule;
				SWIFT_OPTIMIZATION_LEVEL = "-O";
				VALIDATE_PRODUCT = YES;
			};
			name = Release;
		};
		7533110A23E1B79700DFF7F2 /* Debug */ = {
			isa = XCBuildConfiguration;
			baseConfigurationReference = 998376E88B25CB1EAF4A91E8 /* Pods-TestStepSliderSimpleVC.debug.xcconfig */;
			buildSettings = {
				ASSETCATALOG_COMPILER_APPICON_NAME = AppIcon;
				CODE_SIGN_STYLE = Automatic;
				DEVELOPMENT_TEAM = 28S944C5QK;
				INFOPLIST_FILE = TestStepSliderSimpleVC/Info.plist;
				LD_RUNPATH_SEARCH_PATHS = (
					"$(inherited)",
					"@executable_path/Frameworks",
				);
				PRODUCT_BUNDLE_IDENTIFIER = com.soka.TestStepSliderSimpleVC.TestStepSliderSimpleVC;
				PRODUCT_NAME = "$(TARGET_NAME)";
				SWIFT_VERSION = 5.0;
				TARGETED_DEVICE_FAMILY = "1,2";
			};
			name = Debug;
		};
		7533110B23E1B79700DFF7F2 /* Release */ = {
			isa = XCBuildConfiguration;
			baseConfigurationReference = 65F8B836710BD60FB64252BE /* Pods-TestStepSliderSimpleVC.release.xcconfig */;
			buildSettings = {
				ASSETCATALOG_COMPILER_APPICON_NAME = AppIcon;
				CODE_SIGN_STYLE = Automatic;
				DEVELOPMENT_TEAM = 28S944C5QK;
				INFOPLIST_FILE = TestStepSliderSimpleVC/Info.plist;
				LD_RUNPATH_SEARCH_PATHS = (
					"$(inherited)",
					"@executable_path/Frameworks",
				);
				PRODUCT_BUNDLE_IDENTIFIER = com.soka.TestStepSliderSimpleVC.TestStepSliderSimpleVC;
				PRODUCT_NAME = "$(TARGET_NAME)";
				SWIFT_VERSION = 5.0;
				TARGETED_DEVICE_FAMILY = "1,2";
			};
			name = Release;
		};
/* End XCBuildConfiguration section */

/* Begin XCConfigurationList section */
		753310F023E1B79500DFF7F2 /* Build configuration list for PBXProject "TestStepSliderSimpleVC" */ = {
			isa = XCConfigurationList;
			buildConfigurations = (
				7533110723E1B79700DFF7F2 /* Debug */,
				7533110823E1B79700DFF7F2 /* Release */,
			);
			defaultConfigurationIsVisible = 0;
			defaultConfigurationName = Release;
		};
		7533110923E1B79700DFF7F2 /* Build configuration list for PBXNativeTarget "TestStepSliderSimpleVC" */ = {
			isa = XCConfigurationList;
			buildConfigurations = (
				7533110A23E1B79700DFF7F2 /* Debug */,
				7533110B23E1B79700DFF7F2 /* Release */,
			);
			defaultConfigurationIsVisible = 0;
			defaultConfigurationName = Release;
		};
/* End XCConfigurationList section */
	};
	rootObject = 753310ED23E1B79500DFF7F2 /* Project object */;
}
